{
  "name": "npm-workspace",
  "lockfileVersion": 3,
  "requires": true,
  "packages": {
    "": {
      "name": "npm-workspace",
      "workspaces": [
        "packages/my_binary",
        "packages/my_library"
      ]
    },
    "node_modules/my_binary": {
      "resolved": "packages/my_binary",
      "link": true
    },
    "node_modules/my_library": {
      "resolved": "packages/my_library",
      "link": true
    },
    "packages/my_binary": {
      "version": "1.0.0",
      "dependencies": {
        "my_binary": "1.0.0"
      }
    },
    "packages/my_library": {
      "version": "1.0.0"
    }
  }
}
